
Microsoft Visual Studio Solution File, Format Version 12.00
# Visual Studio 15
VisualStudioVersion = 15.0.27428.2043
MinimumVisualStudioVersion = 10.0.40219.1
Project("{FAE04EC0-301F-11D3-BF4B-00C04F79EFBC}") = "IDX_NEWS.Core", "IDX_NEWS.Core\IDX_NEWS.Core.csproj", "{BBF9C851-AC32-4093-A231-0C0B439C51B0}"
EndProject
Project("{FAE04EC0-301F-11D3-BF4B-00C04F79EFBC}") = "IDX_NEWS.WPF", "IDX_NEWS.WPF\IDX_NEWS.WPF.csproj", "{FA78FE8F-DDF5-46DC-9B55-882BBF07F6E0}"
EndProject
Project("{FAE04EC0-301F-11D3-BF4B-00C04F79EFBC}") = "IDX_NEWS.CoreTests", "IDX_NEWS.CoreTests\IDX_NEWS.CoreTests.csproj", "{935DF573-A6B2-4306-A099-987B7A4D59A7}"
EndProject
Project("{FAE04EC0-301F-11D3-BF4B-00C04F79EFBC}") = "IDX_NEWS.NewsModule", "IDX_NEWS.NewsModule\IDX_NEWS.NewsModule.csproj", "{2A5F7299-EBF1-464C-AE9B-12BD0DC18A9E}"
EndProject
Global
	GlobalSection(SolutionConfigurationPlatforms) = preSolution
		Debug|Any CPU = Debug|Any CPU
		Debug|x64 = Debug|x64
		Debug|x86 = Debug|x86
		Release|Any CPU = Release|Any CPU
		Release|x64 = Release|x64
		Release|x86 = Release|x86
	EndGlobalSection
	GlobalSection(ProjectConfigurationPlatforms) = postSolution
		{BBF9C851-AC32-4093-A231-0C0B439C51B0}.Debug|Any CPU.ActiveCfg = Debug|Any CPU
		{BBF9C851-AC32-4093-A231-0C0B439C51B0}.Debug|Any CPU.Build.0 = Debug|Any CPU
		{BBF9C851-AC32-4093-A231-0C0B439C51B0}.Debug|x64.ActiveCfg = Debug|x64
		{BBF9C851-AC32-4093-A231-0C0B439C51B0}.Debug|x64.Build.0 = Debug|x64
		{BBF9C851-AC32-4093-A231-0C0B439C51B0}.Debug|x86.ActiveCfg = Debug|Any CPU
		{BBF9C851-AC32-4093-A231-0C0B439C51B0}.Debug|x86.Build.0 = Debug|Any CPU
		{BBF9C851-AC32-4093-A231-0C0B439C51B0}.Release|Any CPU.ActiveCfg = Release|Any CPU
		{BBF9C851-AC32-4093-A231-0C0B439C51B0}.Release|Any CPU.Build.0 = Release|Any CPU
		{BBF9C851-AC32-4093-A231-0C0B439C51B0}.Release|x64.ActiveCfg = Release|Any CPU
		{BBF9C851-AC32-4093-A231-0C0B439C51B0}.Release|x64.Build.0 = Release|Any CPU
		{BBF9C851-AC32-4093-A231-0C0B439C51B0}.Release|x86.ActiveCfg = Release|Any CPU
		{BBF9C851-AC32-4093-A231-0C0B439C51B0}.Release|x86.Build.0 = Release|Any CPU
		{FA78FE8F-DDF5-46DC-9B55-882BBF07F6E0}.Debug|Any CPU.ActiveCfg = Debug|Any CPU
		{FA78FE8F-DDF5-46DC-9B55-882BBF07F6E0}.Debug|Any CPU.Build.0 = Debug|Any CPU
		{FA78FE8F-DDF5-46DC-9B55-882BBF07F6E0}.Debug|x64.ActiveCfg = Debug|x64
		{FA78FE8F-DDF5-46DC-9B55-882BBF07F6E0}.Debug|x64.Build.0 = Debug|x64
		{FA78FE8F-DDF5-46DC-9B55-882BBF07F6E0}.Debug|x86.ActiveCfg = Debug|Any CPU
		{FA78FE8F-DDF5-46DC-9B55-882BBF07F6E0}.Debug|x86.Build.0 = Debug|Any CPU
		{FA78FE8F-DDF5-46DC-9B55-882BBF07F6E0}.Release|Any CPU.ActiveCfg = Release|Any CPU
		{FA78FE8F-DDF5-46DC-9B55-882BBF07F6E0}.Release|Any CPU.Build.0 = Release|Any CPU
		{FA78FE8F-DDF5-46DC-9B55-882BBF07F6E0}.Release|x64.ActiveCfg = Release|Any CPU
		{FA78FE8F-DDF5-46DC-9B55-882BBF07F6E0}.Release|x64.Build.0 = Release|Any CPU
		{FA78FE8F-DDF5-46DC-9B55-882BBF07F6E0}.Release|x86.ActiveCfg = Release|Any CPU
		{FA78FE8F-DDF5-46DC-9B55-882BBF07F6E0}.Release|x86.Build.0 = Release|Any CPU
		{935DF573-A6B2-4306-A099-987B7A4D59A7}.Debug|Any CPU.ActiveCfg = Debug|Any CPU
		{935DF573-A6B2-4306-A099-987B7A4D59A7}.Debug|Any CPU.Build.0 = Debug|Any CPU
		{935DF573-A6B2-4306-A099-987B7A4D59A7}.Debug|x64.ActiveCfg = Debug|x64
		{935DF573-A6B2-4306-A099-987B7A4D59A7}.Debug|x64.Build.0 = Debug|x64
		{935DF573-A6B2-4306-A099-987B7A4D59A7}.Debug|x86.ActiveCfg = Debug|Any CPU
		{935DF573-A6B2-4306-A099-987B7A4D59A7}.Debug|x86.Build.0 = Debug|Any CPU
		{935DF573-A6B2-4306-A099-987B7A4D59A7}.Release|Any CPU.ActiveCfg = Release|Any CPU
		{935DF573-A6B2-4306-A099-987B7A4D59A7}.Release|Any CPU.Build.0 = Release|Any CPU
		{935DF573-A6B2-4306-A099-987B7A4D59A7}.Release|x64.ActiveCfg = Release|Any CPU
		{935DF573-A6B2-4306-A099-987B7A4D59A7}.Release|x64.Build.0 = Release|Any CPU
		{935DF573-A6B2-4306-A099-987B7A4D59A7}.Release|x86.ActiveCfg = Release|Any CPU
		{935DF573-A6B2-4306-A099-987B7A4D59A7}.Release|x86.Build.0 = Release|Any CPU
		{2A5F7299-EBF1-464C-AE9B-12BD0DC18A9E}.Debug|Any CPU.ActiveCfg = Debug|Any CPU
		{2A5F7299-EBF1-464C-AE9B-12BD0DC18A9E}.Debug|Any CPU.Build.0 = Debug|Any CPU
		{2A5F7299-EBF1-464C-AE9B-12BD0DC18A9E}.Debug|x64.ActiveCfg = Debug|x64
		{2A5F7299-EBF1-464C-AE9B-12BD0DC18A9E}.Debug|x64.Build.0 = Debug|x64
		{2A5F7299-EBF1-464C-AE9B-12BD0DC18A9E}.Debug|x86.ActiveCfg = Debug|Any CPU
		{2A5F7299-EBF1-464C-AE9B-12BD0DC18A9E}.Debug|x86.Build.0 = Debug|Any CPU
		{2A5F7299-EBF1-464C-AE9B-12BD0DC18A9E}.Release|Any CPU.ActiveCfg = Release|Any CPU
		{2A5F7299-EBF1-464C-AE9B-12BD0DC18A9E}.Release|Any CPU.Build.0 = Release|Any CPU
		{2A5F7299-EBF1-464C-AE9B-12BD0DC18A9E}.Release|x64.ActiveCfg = Release|Any CPU
		{2A5F7299-EBF1-464C-AE9B-12BD0DC18A9E}.Release|x64.Build.0 = Release|Any CPU
		{2A5F7299-EBF1-464C-AE9B-12BD0DC18A9E}.Release|x86.ActiveCfg = Release|Any CPU
		{2A5F7299-EBF1-464C-AE9B-12BD0DC18A9E}.Release|x86.Build.0 = Release|Any CPU
	EndGlobalSection
	GlobalSection(SolutionProperties) = preSolution
		HideSolutionNode = FALSE
	EndGlobalSection
	GlobalSection(ExtensibilityGlobals) = postSolution
		SolutionGuid = {96971072-B10F-4181-B47B-8DCB597279F5}
	EndGlobalSection
EndGlobal
